// !$*UTF8*$!
{
	archiveVersion = 1;
	classes = {
	};
	objectVersion = 50;
	objects = {

/* Begin PBXBuildFile section */
		3165A82820D51EE500748904 /* ImageSearchViewController.swift in Sources */ = {isa = PBXBuildFile; fileRef = 3165A82720D51EE500748904 /* ImageSearchViewController.swift */; };
		3165A82A20D51F9C00748904 /* HistoryViewController.swift in Sources */ = {isa = PBXBuildFile; fileRef = 3165A82920D51F9C00748904 /* HistoryViewController.swift */; };
		3165A82E20D5286100748904 /* CoreDataHelper.swift in Sources */ = {isa = PBXBuildFile; fileRef = 3165A82D20D5286100748904 /* CoreDataHelper.swift */; };
		3165A83220D528A300748904 /* ImageView.swift in Sources */ = {isa = PBXBuildFile; fileRef = 3165A83120D528A300748904 /* ImageView.swift */; };
		3165A83420D57A4900748904 /* image.swift in Sources */ = {isa = PBXBuildFile; fileRef = 3165A83320D57A4900748904 /* image.swift */; };
		31C66FE020D3DA3800571B1B /* AppDelegate.swift in Sources */ = {isa = PBXBuildFile; fileRef = 31C66FDF20D3DA3800571B1B /* AppDelegate.swift */; };
		31C66FE520D3DA3800571B1B /* Main.storyboard in Resources */ = {isa = PBXBuildFile; fileRef = 31C66FE320D3DA3800571B1B /* Main.storyboard */; };
		31C66FE820D3DA3800571B1B /* Downloader.xcdatamodeld in Sources */ = {isa = PBXBuildFile; fileRef = 31C66FE620D3DA3800571B1B /* Downloader.xcdatamodeld */; };
		31C66FEA20D3DA3B00571B1B /* Assets.xcassets in Resources */ = {isa = PBXBuildFile; fileRef = 31C66FE920D3DA3B00571B1B /* Assets.xcassets */; };
		31C66FED20D3DA3B00571B1B /* LaunchScreen.storyboard in Resources */ = {isa = PBXBuildFile; fileRef = 31C66FEB20D3DA3B00571B1B /* LaunchScreen.storyboard */; };
/* End PBXBuildFile section */

/* Begin PBXFileReference section */
		3165A82720D51EE500748904 /* ImageSearchViewController.swift */ = {isa = PBXFileReference; lastKnownFileType = sourcecode.swift; path = ImageSearchViewController.swift; sourceTree = "<group>"; };
		3165A82920D51F9C00748904 /* HistoryViewController.swift */ = {isa = PBXFileReference; lastKnownFileType = sourcecode.swift; path = HistoryViewController.swift; sourceTree = "<group>"; };
		3165A82D20D5286100748904 /* CoreDataHelper.swift */ = {isa = PBXFileReference; lastKnownFileType = sourcecode.swift; path = CoreDataHelper.swift; sourceTree = "<group>"; };
		3165A83120D528A300748904 /* ImageView.swift */ = {isa = PBXFileReference; lastKnownFileType = sourcecode.swift; path = ImageView.swift; sourceTree = "<group>"; };
		3165A83320D57A4900748904 /* image.swift */ = {isa = PBXFileReference; lastKnownFileType = sourcecode.swift; path = image.swift; sourceTree = "<group>"; };
		31C66FDC20D3DA3800571B1B /* Downloader.app */ = {isa = PBXFileReference; explicitFileType = wrapper.application; includeInIndex = 0; path = Downloader.app; sourceTree = BUILT_PRODUCTS_DIR; };
		31C66FDF20D3DA3800571B1B /* AppDelegate.swift */ = {isa = PBXFileReference; lastKnownFileType = sourcecode.swift; path = AppDelegate.swift; sourceTree = "<group>"; };
		31C66FE420D3DA3800571B1B /* Base */ = {isa = PBXFileReference; lastKnownFileType = file.storyboard; name = Base; path = Base.lproj/Main.storyboard; sourceTree = "<group>"; };
		31C66FE720D3DA3800571B1B /* Downloader.xcdatamodel */ = {isa = PBXFileReference; lastKnownFileType = wrapper.xcdatamodel; path = Downloader.xcdatamodel; sourceTree = "<group>"; };
		31C66FE920D3DA3B00571B1B /* Assets.xcassets */ = {isa = PBXFileReference; lastKnownFileType = folder.assetcatalog; path = Assets.xcassets; sourceTree = "<group>"; };
		31C66FEC20D3DA3B00571B1B /* Base */ = {isa = PBXFileReference; lastKnownFileType = file.storyboard; name = Base; path = Base.lproj/LaunchScreen.storyboard; sourceTree = "<group>"; };
		31C66FEE20D3DA3B00571B1B /* Info.plist */ = {isa = PBXFileReference; lastKnownFileType = text.plist.xml; path = Info.plist; sourceTree = "<group>"; };
/* End PBXFileReference section */

/* Begin PBXFrameworksBuildPhase section */
		31C66FD920D3DA3800571B1B /* Frameworks */ = {
			isa = PBXFrameworksBuildPhase;
			buildActionMask = 2147483647;
			files = (
			);
			runOnlyForDeploymentPostprocessing = 0;
		};
/* End PBXFrameworksBuildPhase section */

/* Begin PBXGroup section */
		3165A82F20D5286F00748904 /* Model */ = {
			isa = PBXGroup;
			children = (
				3165A82D20D5286100748904 /* CoreDataHelper.swift */,
				3165A83320D57A4900748904 /* image.swift */,
			);
			path = Model;
			sourceTree = "<group>";
		};
		3165A83020D5288B00748904 /* Extension */ = {
			isa = PBXGroup;
			children = (
				3165A83120D528A300748904 /* ImageView.swift */,
			);
			path = Extension;
			sourceTree = "<group>";
		};
		31C66FD320D3DA3700571B1B = {
			isa = PBXGroup;
			children = (
				31C66FDE20D3DA3800571B1B /* Downloader */,
				31C66FDD20D3DA3800571B1B /* Products */,
			);
			sourceTree = "<group>";
		};
		31C66FDD20D3DA3800571B1B /* Products */ = {
			isa = PBXGroup;
			children = (
				31C66FDC20D3DA3800571B1B /* Downloader.app */,
			);
			name = Products;
			sourceTree = "<group>";
		};
		31C66FDE20D3DA3800571B1B /* Downloader */ = {
			isa = PBXGroup;
			children = (
				31C66FDF20D3DA3800571B1B /* AppDelegate.swift */,
				3165A82F20D5286F00748904 /* Model */,
				31C66FF820D4380B00571B1B /* View */,
				31C66FF720D437FE00571B1B /* Controller */,
				3165A83020D5288B00748904 /* Extension */,
				31C66FE920D3DA3B00571B1B /* Assets.xcassets */,
				31C66FEB20D3DA3B00571B1B /* LaunchScreen.storyboard */,
				31C66FEE20D3DA3B00571B1B /* Info.plist */,
				31C66FE620D3DA3800571B1B /* Downloader.xcdatamodeld */,
			);
			path = Downloader;
			sourceTree = "<group>";
		};
		31C66FF720D437FE00571B1B /* Controller */ = {
			isa = PBXGroup;
			children = (
				3165A82720D51EE500748904 /* ImageSearchViewController.swift */,
				3165A82920D51F9C00748904 /* HistoryViewController.swift */,
			);
			path = Controller;
			sourceTree = "<group>";
		};
		31C66FF820D4380B00571B1B /* View */ = {
			isa = PBXGroup;
			children = (
				31C66FE320D3DA3800571B1B /* Main.storyboard */,
			);
			path = View;
			sourceTree = "<group>";
		};
/* End PBXGroup section */

/* Begin PBXNativeTarget section */
		31C66FDB20D3DA3800571B1B /* Downloader */ = {
			isa = PBXNativeTarget;
			buildConfigurationList = 31C66FF120D3DA3B00571B1B /* Build configuration list for PBXNativeTarget "Downloader" */;
			buildPhases = (
				31C66FD820D3DA3800571B1B /* Sources */,
				31C66FD920D3DA3800571B1B /* Frameworks */,
				31C66FDA20D3DA3800571B1B /* Resources */,
				3165A83820D5A84500748904 /* ShellScript */,
			);
			buildRules = (
			);
			dependencies = (
			);
			name = Downloader;
			productName = Downloader;
			productReference = 31C66FDC20D3DA3800571B1B /* Downloader.app */;
			productType = "com.apple.product-type.application";
		};
/* End PBXNativeTarget section */

/* Begin PBXProject section */
		31C66FD420D3DA3700571B1B /* Project object */ = {
			isa = PBXProject;
			attributes = {
				LastSwiftUpdateCheck = 0930;
				LastUpgradeCheck = 0930;
				ORGANIZATIONNAME = vbbv;
				TargetAttributes = {
					31C66FDB20D3DA3800571B1B = {
						CreatedOnToolsVersion = 9.3.1;
					};
				};
			};
			buildConfigurationList = 31C66FD720D3DA3700571B1B /* Build configuration list for PBXProject "Downloader" */;
			compatibilityVersion = "Xcode 9.3";
			developmentRegion = en;
			hasScannedForEncodings = 0;
			knownRegions = (
				en,
				Base,
			);
			mainGroup = 31C66FD320D3DA3700571B1B;
			productRefGroup = 31C66FDD20D3DA3800571B1B /* Products */;
			projectDirPath = "";
			projectRoot = "";
			targets = (
				31C66FDB20D3DA3800571B1B /* Downloader */,
			);
		};
/* End PBXProject section */

/* Begin PBXResourcesBuildPhase section */
		31C66FDA20D3DA3800571B1B /* Resources */ = {
			isa = PBXResourcesBuildPhase;
			buildActionMask = 2147483647;
			files = (
				31C66FED20D3DA3B00571B1B /* LaunchScreen.storyboard in Resources */,
				31C66FEA20D3DA3B00571B1B /* Assets.xcassets in Resources */,
				31C66FE520D3DA3800571B1B /* Main.storyboard in Resources */,
			);
			runOnlyForDeploymentPostprocessing = 0;
		};
/* End PBXResourcesBuildPhase section */

/* Begin PBXShellScriptBuildPhase section */
		3165A83820D5A84500748904 /* ShellScript */ = {
			isa = PBXShellScriptBuildPhase;
			buildActionMask = 2147483647;
			files = (
			);
			inputPaths = (
			);
			outputPaths = (
			);
			runOnlyForDeploymentPostprocessing = 0;
			shellPath = /bin/sh;
			shellScript = "";
		};
/* End PBXShellScriptBuildPhase section */

/* Begin PBXSourcesBuildPhase section */
		31C66FD820D3DA3800571B1B /* Sources */ = {
			isa = PBXSourcesBuildPhase;
			buildActionMask = 2147483647;
			files = (
				3165A83220D528A300748904 /* ImageView.swift in Sources */,
				3165A82820D51EE500748904 /* ImageSearchViewController.swift in Sources */,
				3165A82E20D5286100748904 /* CoreDataHelper.swift in Sources */,
				3165A82A20D51F9C00748904 /* HistoryViewController.swift in Sources */,
				31C66FE820D3DA3800571B1B /* Downloader.xcdatamodeld in Sources */,
				3165A83420D57A4900748904 /* image.swift in Sources */,
				31C66FE020D3DA3800571B1B /* AppDelegate.swift in Sources */,
			);
			runOnlyForDeploymentPostprocessing = 0;
		};
/* End PBXSourcesBuildPhase section */

/* Begin PBXVariantGroup section */
		31C66FE320D3DA3800571B1B /* Main.storyboard */ = {
			isa = PBXVariantGroup;
			children = (
				31C66FE420D3DA3800571B1B /* Base */,
			);
			name = Main.storyboard;
			sourceTree = "<group>";
		};
		31C66FEB20D3DA3B00571B1B /* LaunchScreen.storyboard */ = {
			isa = PBXVariantGroup;
			children = (
				31C66FEC20D3DA3B00571B1B /* Base */,
			);
			name = LaunchScreen.storyboard;
			sourceTree = "<group>";
		};
/* End PBXVariantGroup section */

/* Begin XCBuildConfiguration section */
		31C66FEF20D3DA3B00571B1B /* Debug */ = {
			isa = XCBuildConfiguration;
			buildSettings = {
				ALWAYS_SEARCH_USER_PATHS = NO;
				CLANG_ANALYZER_NONNULL = YES;
				CLANG_ANALYZER_NUMBER_OBJECT_CONVERSION = YES_AGGRESSIVE;
				CLANG_CXX_LANGUAGE_STANDARD = "gnu++14";
				CLANG_CXX_LIBRARY = "libc++";
				CLANG_ENABLE_MODULES = YES;
				CLANG_ENABLE_OBJC_ARC = YES;
				CLANG_ENABLE_OBJC_WEAK = YES;
				CLANG_WARN_BLOCK_CAPTURE_AUTORELEASING = YES;
				CLANG_WARN_BOOL_CONVERSION = YES;
				CLANG_WARN_COMMA = YES;
				CLANG_WARN_CONSTANT_CONVERSION = YES;
				CLANG_WARN_DEPRECATED_OBJC_IMPLEMENTATIONS = YES;
				CLANG_WARN_DIRECT_OBJC_ISA_USAGE = YES_ERROR;
				CLANG_WARN_DOCUMENTATION_COMMENTS = YES;
				CLANG_WARN_EMPTY_BODY = YES;
				CLANG_WARN_ENUM_CONVERSION = YES;
				CLANG_WARN_INFINITE_RECURSION = YES;
				CLANG_WARN_INT_CONVERSION = YES;
				CLANG_WARN_NON_LITERAL_NULL_CONVERSION = YES;
				CLANG_WARN_OBJC_IMPLICIT_RETAIN_SELF = YES;
				CLANG_WARN_OBJC_LITERAL_CONVERSION = YES;
				CLANG_WARN_OBJC_ROOT_CLASS = YES_ERROR;
				CLANG_WARN_RANGE_LOOP_ANALYSIS = YES;
				CLANG_WARN_STRICT_PROTOTYPES = YES;
				CLANG_WARN_SUSPICIOUS_MOVE = YES;
				CLANG_WARN_UNGUARDED_AVAILABILITY = YES_AGGRESSIVE;
				CLANG_WARN_UNREACHABLE_CODE = YES;
				CLANG_WARN__DUPLICATE_METHOD_MATCH = YES;
				CODE_SIGN_IDENTITY = "iPhone Developer";
				COPY_PHASE_STRIP = NO;
				DEBUG_INFORMATION_FORMAT = dwarf;
				ENABLE_STRICT_OBJC_MSGSEND = YES;
				ENABLE_TESTABILITY = YES;
				GCC_C_LANGUAGE_STANDARD = gnu11;
				GCC_DYNAMIC_NO_PIC = NO;
				GCC_NO_COMMON_BLOCKS = YES;
				GCC_OPTIMIZATION_LEVEL = 0;
				GCC_PREPROCESSOR_DEFINITIONS = (
					"DEBUG=1",
					"$(inherited)",
				);
				GCC_WARN_64_TO_32_BIT_CONVERSION = YES;
				GCC_WARN_ABOUT_RETURN_TYPE = YES_ERROR;
				GCC_WARN_UNDECLARED_SELECTOR = YES;
				GCC_WARN_UNINITIALIZED_AUTOS = YES_AGGRESSIVE;
				GCC_WARN_UNUSED_FUNCTION = YES;
				GCC_WARN_UNUSED_VARIABLE = YES;
				IPHONEOS_DEPLOYMENT_TARGET = 11.3;
				MTL_ENABLE_DEBUG_INFO = YES;
				ONLY_ACTIVE_ARCH = YES;
				SDKROOT = iphoneos;
				SWIFT_ACTIVE_COMPILATION_CONDITIONS = DEBUG;
				SWIFT_OPTIMIZATION_LEVEL = "-Onone";
			};
			name = Debug;
		};
		31C66FF020D3DA3B00571B1B /* Release */ = {
			isa = XCBuildConfiguration;
			buildSettings = {
				ALWAYS_SEARCH_USER_PATHS = NO;
				CLANG_ANALYZER_NONNULL = YES;
				CLANG_ANALYZER_NUMBER_OBJECT_CONVERSION = YES_AGGRESSIVE;
				CLANG_CXX_LANGUAGE_STANDARD = "gnu++14";
				CLANG_CXX_LIBRARY = "libc++";
				CLANG_ENABLE_MODULES = YES;
				CLANG_ENABLE_OBJC_ARC = YES;
				CLANG_ENABLE_OBJC_WEAK = YES;
				CLANG_WARN_BLOCK_CAPTURE_AUTORELEASING = YES;
				CLANG_WARN_BOOL_CONVERSION = YES;
				CLANG_WARN_COMMA = YES;
				CLANG_WARN_CONSTANT_CONVERSION = YES;
				CLANG_WARN_DEPRECATED_OBJC_IMPLEMENTATIONS = YES;
				CLANG_WARN_DIRECT_OBJC_ISA_USAGE = YES_ERROR;
				CLANG_WARN_DOCUMENTATION_COMMENTS = YES;
				CLANG_WARN_EMPTY_BODY = YES;
				CLANG_WARN_ENUM_CONVERSION = YES;
				CLANG_WARN_INFINITE_RECURSION = YES;
				CLANG_WARN_INT_CONVERSION = YES;
				CLANG_WARN_NON_LITERAL_NULL_CONVERSION = YES;
				CLANG_WARN_OBJC_IMPLICIT_RETAIN_SELF = YES;
				CLANG_WARN_OBJC_LITERAL_CONVERSION = YES;
				CLANG_WARN_OBJC_ROOT_CLASS = YES_ERROR;
				CLANG_WARN_RANGE_LOOP_ANALYSIS = YES;
				CLANG_WARN_STRICT_PROTOTYPES = YES;
				CLANG_WARN_SUSPICIOUS_MOVE = YES;
				CLANG_WARN_UNGUARDED_AVAILABILITY = YES_AGGRESSIVE;
				CLANG_WARN_UNREACHABLE_CODE = YES;
				CLANG_WARN__DUPLICATE_METHOD_MATCH = YES;
				CODE_SIGN_IDENTITY = "iPhone Developer";
				COPY_PHASE_STRIP = NO;
				DEBUG_INFORMATION_FORMAT = "dwarf-with-dsym";
				ENABLE_NS_ASSERTIONS = NO;
				ENABLE_STRICT_OBJC_MSGSEND = YES;
				GCC_C_LANGUAGE_STANDARD = gnu11;
				GCC_NO_COMMON_BLOCKS = YES;
				GCC_WARN_64_TO_32_BIT_CONVERSION = YES;
				GCC_WARN_ABOUT_RETURN_TYPE = YES_ERROR;
				GCC_WARN_UNDECLARED_SELECTOR = YES;
				GCC_WARN_UNINITIALIZED_AUTOS = YES_AGGRESSIVE;
				GCC_WARN_UNUSED_FUNCTION = YES;
				GCC_WARN_UNUSED_VARIABLE = YES;
				IPHONEOS_DEPLOYMENT_TARGET = 11.3;
				MTL_ENABLE_DEBUG_INFO = NO;
				SDKROOT = iphoneos;
				SWIFT_COMPILATION_MODE = wholemodule;
				SWIFT_OPTIMIZATION_LEVEL = "-O";
				VALIDATE_PRODUCT = YES;
			};
			name = Release;
		};
		31C66FF220D3DA3B00571B1B /* Debug */ = {
			isa = XCBuildConfiguration;
			buildSettings = {
				ASSETCATALOG_COMPILER_APPICON_NAME = AppIcon;
				CODE_SIGN_STYLE = Automatic;
				DEVELOPMENT_TEAM = F237XF6376;
				INFOPLIST_FILE = Downloader/Info.plist;
				LD_RUNPATH_SEARCH_PATHS = (
					"$(inherited)",
					"@executable_path/Frameworks",
				);
				PRODUCT_BUNDLE_IDENTIFIER = vbbv.Downloader;
				PRODUCT_NAME = "$(TARGET_NAME)";
				SWIFT_VERSION = 4.0;
				TARGETED_DEVICE_FAMILY = "1,2";
			};
			name = Debug;
		};
		31C66FF320D3DA3B00571B1B /* Release */ = {
			isa = XCBuildConfiguration;
			buildSettings = {
				ASSETCATALOG_COMPILER_APPICON_NAME = AppIcon;
				CODE_SIGN_STYLE = Automatic;
				DEVELOPMENT_TEAM = F237XF6376;
				INFOPLIST_FILE = Downloader/Info.plist;
				LD_RUNPATH_SEARCH_PATHS = (
					"$(inherited)",
					"@executable_path/Frameworks",
				);
				PRODUCT_BUNDLE_IDENTIFIER = vbbv.Downloader;
				PRODUCT_NAME = "$(TARGET_NAME)";
				SWIFT_VERSION = 4.0;
				TARGETED_DEVICE_FAMILY = "1,2";
			};
			name = Release;
		};
/* End XCBuildConfiguration section */

/* Begin XCConfigurationList section */
		31C66FD720D3DA3700571B1B /* Build configuration list for PBXProject "Downloader" */ = {
			isa = XCConfigurationList;
			buildConfigurations = (
				31C66FEF20D3DA3B00571B1B /* Debug */,
				31C66FF020D3DA3B00571B1B /* Release */,
			);
			defaultConfigurationIsVisible = 0;
			defaultConfigurationName = Release;
		};
		31C66FF120D3DA3B00571B1B /* Build configuration list for PBXNativeTarget "Downloader" */ = {
			isa = XCConfigurationList;
			buildConfigurations = (
				31C66FF220D3DA3B00571B1B /* Debug */,
				31C66FF320D3DA3B00571B1B /* Release */,
			);
			defaultConfigurationIsVisible = 0;
			defaultConfigurationName = Release;
		};
/* End XCConfigurationList section */

/* Begin XCVersionGroup section */
		31C66FE620D3DA3800571B1B /* Downloader.xcdatamodeld */ = {
			isa = XCVersionGroup;
			children = (
				31C66FE720D3DA3800571B1B /* Downloader.xcdatamodel */,
			);
			currentVersion = 31C66FE720D3DA3800571B1B /* Downloader.xcdatamodel */;
			path = Downloader.xcdatamodeld;
			sourceTree = "<group>";
			versionGroupType = wrapper.xcdatamodel;
		};
/* End XCVersionGroup section */
	};
	rootObject = 31C66FD420D3DA3700571B1B /* Project object */;
}
